
Microsoft Visual Studio Solution File, Format Version 12.00
# Visual Studio Version 16
VisualStudioVersion = 16.0.30225.117
MinimumVisualStudioVersion = 10.0.40219.1
Project("{FAE04EC0-301F-11D3-BF4B-00C04F79EFBC}") = "APIProject", "APIProject.csproj", "{327DC4C7-51FB-407E-AFF3-CA1582B686D8}"
EndProject
Global
	GlobalSection(SolutionConfigurationPlatforms) = preSolution
		Debug|Any CPU = Debug|Any CPU
		Release|Any CPU = Release|Any CPU
	EndGlobalSection
	GlobalSection(ProjectConfigurationPlatforms) = postSolution
		{327DC4C7-51FB-407E-AFF3-CA1582B686D8}.Debug|Any CPU.ActiveCfg = Debug|Any CPU
		{327DC4C7-51FB-407E-AFF3-CA1582B686D8}.Debug|Any CPU.Build.0 = Debug|Any CPU
		{327DC4C7-51FB-407E-AFF3-CA1582B686D8}.Release|Any CPU.ActiveCfg = Release|Any CPU
		{327DC4C7-51FB-407E-AFF3-CA1582B686D8}.Release|Any CPU.Build.0 = Release|Any CPU
	EndGlobalSection
	GlobalSection(SolutionProperties) = preSolution
		HideSolutionNode = FALSE
	EndGlobalSection
	GlobalSection(ExtensibilityGlobals) = postSolution
		SolutionGuid = {DDFB7EB8-9DA5-4F12-B009-18E279F9A135}
	EndGlobalSection
EndGlobal
